# This file is auto-generated by agr. Do not edit.

version = 1

[[skill]]
handle = "madsnorgaard/drupal-agent-resources/drupal-expert"
source = "github"
commit = "0f8c4fd680e151fc361c6555ed88ff5a9d1861e5"
content-hash = "sha256:81fb785a89972bafa82d0f978fbb7bcd3189a992223b74347ce4cf801a8aec25"
installed-name = "drupal-expert"

[[skill]]
handle = "madsnorgaard/drupal-agent-resources/ddev-expert"
source = "github"
commit = "0f8c4fd680e151fc361c6555ed88ff5a9d1861e5"
content-hash = "sha256:0d485fab0fc07039f1b0c2e424313e69f65dd94cc61880425673ce3423f99ef2"
installed-name = "ddev-expert"

[[skill]]
handle = "jamesfmcgrath/drupal-agent-resources/drupal-localgov"
source = "github"
commit = "9361fcd2561fc5ebf97492d5170a1d4cb0de90a5"
content-hash = "sha256:f79dbdd5b13b94ddbe13dcec69a34474ff02e066928d2bbc2a9c34f8820ac931"
installed-name = "drupal-localgov"
