# This file is auto-generated by agr. Do not edit.

version = 1

[[skill]]
handle = "madsnorgaard/drupal-agent-resources/drupal-expert"
source = "github"
commit = "776e73407d0871cd67552d426db11b4f09fbd5c6"
content-hash = "sha256:44493da67652e2e50e7e512d3b193f918b7d44ee444b33a623efe4ee94adcbdd"
installed-name = "drupal-expert"

[[skill]]
handle = "madsnorgaard/drupal-agent-resources/ddev-expert"
source = "github"
commit = "776e73407d0871cd67552d426db11b4f09fbd5c6"
content-hash = "sha256:0d485fab0fc07039f1b0c2e424313e69f65dd94cc61880425673ce3423f99ef2"
installed-name = "ddev-expert"
